
Microsoft Visual Studio Solution File, Format Version 12.00
# Visual Studio 14
VisualStudioVersion = 14.0.25420.1
MinimumVisualStudioVersion = 10.0.40219.1
Project("{2150E333-8FDC-42A3-9474-1A3956D46DE8}") = "src", "src", "{BD039971-B7FC-484B-A3A4-E8EE82F11319}"
EndProject
Project("{2150E333-8FDC-42A3-9474-1A3956D46DE8}") = "Solution Items", "Solution Items", "{1769410A-4A14-4ECD-B561-3E4EB2B0F6AE}"
	ProjectSection(SolutionItems) = preProject
		global.json = global.json
	EndProjectSection
EndProject
Project("{8BB2217D-0F2D-49D1-97BC-3654ED321F3B}") = "MyWallet.Services", "src\MyWallet.Services\MyWallet.Services.xproj", "{D27D34BD-62C2-4695-B1F1-57BBFFD376BB}"
EndProject
Project("{8BB2217D-0F2D-49D1-97BC-3654ED321F3B}") = "MyWallet.Entities", "src\MyWallet.Entities\MyWallet.Entities.xproj", "{3A9900D4-B404-4C88-AB44-A4493E7D9916}"
EndProject
Project("{8BB2217D-0F2D-49D1-97BC-3654ED321F3B}") = "MyWallet", "src\MyWallet\MyWallet.xproj", "{E053B83E-DA63-45C9-84E0-E93ED6CBC335}"
EndProject
Project("{2150E333-8FDC-42A3-9474-1A3956D46DE8}") = "utils", "utils", "{0CB2D9AF-D913-473E-80A5-6F3FDB8A705C}"
EndProject
Project("{2150E333-8FDC-42A3-9474-1A3956D46DE8}") = "test", "test", "{3B97E55A-976C-4A5B-A20C-61C4C23602E6}"
EndProject
Project("{8BB2217D-0F2D-49D1-97BC-3654ED321F3B}") = "MyWallet.Entities.UnitTests", "test\MyWallet.Entities.UnitTests\MyWallet.Entities.UnitTests.xproj", "{E98539E8-898D-4F1E-9D13-754621F129B1}"
EndProject
Project("{8BB2217D-0F2D-49D1-97BC-3654ED321F3B}") = "MyWallet.Services.UnitTests", "test\MyWallet.Services.UnitTests\MyWallet.Services.UnitTests.xproj", "{0CC96930-043E-4822-9259-0D13C4023A6D}"
EndProject
Project("{8BB2217D-0F2D-49D1-97BC-3654ED321F3B}") = "MyWallet.Migrations", "utils\MyWallet.Migrations\MyWallet.Migrations.xproj", "{90515509-70A3-4EFC-B3AB-2821AF068D80}"
EndProject
Global
	GlobalSection(SolutionConfigurationPlatforms) = preSolution
		Debug|Any CPU = Debug|Any CPU
		Release|Any CPU = Release|Any CPU
	EndGlobalSection
	GlobalSection(ProjectConfigurationPlatforms) = postSolution
		{D27D34BD-62C2-4695-B1F1-57BBFFD376BB}.Debug|Any CPU.ActiveCfg = Debug|Any CPU
		{D27D34BD-62C2-4695-B1F1-57BBFFD376BB}.Debug|Any CPU.Build.0 = Debug|Any CPU
		{D27D34BD-62C2-4695-B1F1-57BBFFD376BB}.Release|Any CPU.ActiveCfg = Release|Any CPU
		{D27D34BD-62C2-4695-B1F1-57BBFFD376BB}.Release|Any CPU.Build.0 = Release|Any CPU
		{3A9900D4-B404-4C88-AB44-A4493E7D9916}.Debug|Any CPU.ActiveCfg = Debug|Any CPU
		{3A9900D4-B404-4C88-AB44-A4493E7D9916}.Debug|Any CPU.Build.0 = Debug|Any CPU
		{3A9900D4-B404-4C88-AB44-A4493E7D9916}.Release|Any CPU.ActiveCfg = Release|Any CPU
		{3A9900D4-B404-4C88-AB44-A4493E7D9916}.Release|Any CPU.Build.0 = Release|Any CPU
		{E053B83E-DA63-45C9-84E0-E93ED6CBC335}.Debug|Any CPU.ActiveCfg = Debug|Any CPU
		{E053B83E-DA63-45C9-84E0-E93ED6CBC335}.Debug|Any CPU.Build.0 = Debug|Any CPU
		{E053B83E-DA63-45C9-84E0-E93ED6CBC335}.Release|Any CPU.ActiveCfg = Release|Any CPU
		{E053B83E-DA63-45C9-84E0-E93ED6CBC335}.Release|Any CPU.Build.0 = Release|Any CPU
		{E98539E8-898D-4F1E-9D13-754621F129B1}.Debug|Any CPU.ActiveCfg = Debug|Any CPU
		{E98539E8-898D-4F1E-9D13-754621F129B1}.Debug|Any CPU.Build.0 = Debug|Any CPU
		{E98539E8-898D-4F1E-9D13-754621F129B1}.Release|Any CPU.ActiveCfg = Release|Any CPU
		{E98539E8-898D-4F1E-9D13-754621F129B1}.Release|Any CPU.Build.0 = Release|Any CPU
		{0CC96930-043E-4822-9259-0D13C4023A6D}.Debug|Any CPU.ActiveCfg = Debug|Any CPU
		{0CC96930-043E-4822-9259-0D13C4023A6D}.Debug|Any CPU.Build.0 = Debug|Any CPU
		{0CC96930-043E-4822-9259-0D13C4023A6D}.Release|Any CPU.ActiveCfg = Release|Any CPU
		{0CC96930-043E-4822-9259-0D13C4023A6D}.Release|Any CPU.Build.0 = Release|Any CPU
		{90515509-70A3-4EFC-B3AB-2821AF068D80}.Debug|Any CPU.ActiveCfg = Debug|Any CPU
		{90515509-70A3-4EFC-B3AB-2821AF068D80}.Debug|Any CPU.Build.0 = Debug|Any CPU
		{90515509-70A3-4EFC-B3AB-2821AF068D80}.Release|Any CPU.ActiveCfg = Release|Any CPU
		{90515509-70A3-4EFC-B3AB-2821AF068D80}.Release|Any CPU.Build.0 = Release|Any CPU
	EndGlobalSection
	GlobalSection(SolutionProperties) = preSolution
		HideSolutionNode = FALSE
	EndGlobalSection
	GlobalSection(NestedProjects) = preSolution
		{D27D34BD-62C2-4695-B1F1-57BBFFD376BB} = {BD039971-B7FC-484B-A3A4-E8EE82F11319}
		{3A9900D4-B404-4C88-AB44-A4493E7D9916} = {BD039971-B7FC-484B-A3A4-E8EE82F11319}
		{E053B83E-DA63-45C9-84E0-E93ED6CBC335} = {BD039971-B7FC-484B-A3A4-E8EE82F11319}
		{E98539E8-898D-4F1E-9D13-754621F129B1} = {3B97E55A-976C-4A5B-A20C-61C4C23602E6}
		{0CC96930-043E-4822-9259-0D13C4023A6D} = {3B97E55A-976C-4A5B-A20C-61C4C23602E6}
		{90515509-70A3-4EFC-B3AB-2821AF068D80} = {0CB2D9AF-D913-473E-80A5-6F3FDB8A705C}
	EndGlobalSection
EndGlobal
